
Microsoft Visual Studio Solution File, Format Version 12.00
# Visual Studio Version 17
VisualStudioVersion = 17.2.32616.157
MinimumVisualStudioVersion = 10.0.40219.1
Project("{9A19103F-16F7-4668-BE54-9A1E7A4F7556}") = "fresher test ASP.NET Core Web API Entity Framework", "fresher test ASP.NET Core Web API Entity Framework.csproj", "{2F779BD7-11BE-42F7-8A73-A9F26A8BB16C}"
EndProject
Global
	GlobalSection(SolutionConfigurationPlatforms) = preSolution
		Debug|Any CPU = Debug|Any CPU
		Release|Any CPU = Release|Any CPU
	EndGlobalSection
	GlobalSection(ProjectConfigurationPlatforms) = postSolution
		{2F779BD7-11BE-42F7-8A73-A9F26A8BB16C}.Debug|Any CPU.ActiveCfg = Debug|Any CPU
		{2F779BD7-11BE-42F7-8A73-A9F26A8BB16C}.Debug|Any CPU.Build.0 = Debug|Any CPU
		{2F779BD7-11BE-42F7-8A73-A9F26A8BB16C}.Release|Any CPU.ActiveCfg = Release|Any CPU
		{2F779BD7-11BE-42F7-8A73-A9F26A8BB16C}.Release|Any CPU.Build.0 = Release|Any CPU
	EndGlobalSection
	GlobalSection(SolutionProperties) = preSolution
		HideSolutionNode = FALSE
	EndGlobalSection
	GlobalSection(ExtensibilityGlobals) = postSolution
		SolutionGuid = {FBB64F94-43A5-4978-A628-0F82E17293E7}
	EndGlobalSection
EndGlobal
